
Microsoft Visual Studio Solution File, Format Version 12.00
# Visual Studio Version 17
VisualStudioVersion = 17.0.31903.59
MinimumVisualStudioVersion = 10.0.40219.1
Project("{FAE04EC0-301F-11D3-BF4B-00C04F79EFBC}") = "Api", "Api\Api.csproj", "{B7CF511D-4523-4B91-BE95-351C8A094567}"
EndProject
Project("{FAE04EC0-301F-11D3-BF4B-00C04F79EFBC}") = "Client", "Client\Client.csproj", "{22622071-B399-4173-9A89-05DC58095001}"
EndProject
Project("{FAE04EC0-301F-11D3-BF4B-00C04F79EFBC}") = "Api.Tests", "Api.Tests\Api.Tests.csproj", "{D9D458B0-1384-4DE9-8042-F3F07D6A63B5}"
EndProject
Global
	GlobalSection(SolutionConfigurationPlatforms) = preSolution
		Debug|Any CPU = Debug|Any CPU
		Release|Any CPU = Release|Any CPU
	EndGlobalSection
	GlobalSection(SolutionProperties) = preSolution
		HideSolutionNode = FALSE
	EndGlobalSection
	GlobalSection(ProjectConfigurationPlatforms) = postSolution
		{B7CF511D-4523-4B91-BE95-351C8A094567}.Debug|Any CPU.ActiveCfg = Debug|Any CPU
		{B7CF511D-4523-4B91-BE95-351C8A094567}.Debug|Any CPU.Build.0 = Debug|Any CPU
		{B7CF511D-4523-4B91-BE95-351C8A094567}.Release|Any CPU.ActiveCfg = Release|Any CPU
		{B7CF511D-4523-4B91-BE95-351C8A094567}.Release|Any CPU.Build.0 = Release|Any CPU
		{22622071-B399-4173-9A89-05DC58095001}.Debug|Any CPU.ActiveCfg = Debug|Any CPU
		{22622071-B399-4173-9A89-05DC58095001}.Debug|Any CPU.Build.0 = Debug|Any CPU
		{22622071-B399-4173-9A89-05DC58095001}.Release|Any CPU.ActiveCfg = Release|Any CPU
		{22622071-B399-4173-9A89-05DC58095001}.Release|Any CPU.Build.0 = Release|Any CPU
		{D9D458B0-1384-4DE9-8042-F3F07D6A63B5}.Debug|Any CPU.ActiveCfg = Debug|Any CPU
		{D9D458B0-1384-4DE9-8042-F3F07D6A63B5}.Debug|Any CPU.Build.0 = Debug|Any CPU
		{D9D458B0-1384-4DE9-8042-F3F07D6A63B5}.Release|Any CPU.ActiveCfg = Release|Any CPU
		{D9D458B0-1384-4DE9-8042-F3F07D6A63B5}.Release|Any CPU.Build.0 = Release|Any CPU
	EndGlobalSection
EndGlobal
